
Microsoft Visual Studio Solution File, Format Version 12.00
# Visual Studio Version 17
VisualStudioVersion = 17.3.32922.545
MinimumVisualStudioVersion = 10.0.40219.1
Project("{9A19103F-16F7-4668-BE54-9A1E7A4F7556}") = "Day1", "Day1\Day1.csproj", "{6399EEA0-4214-42DC-81D3-B393B30EB14A}"
EndProject
Project("{9A19103F-16F7-4668-BE54-9A1E7A4F7556}") = "Day2", "Day2\Day2.csproj", "{F3B118E4-C020-4BB8-B303-615ABB7FA2CE}"
EndProject
Project("{9A19103F-16F7-4668-BE54-9A1E7A4F7556}") = "Day2Test", "Day2Test\Day2Test.csproj", "{85E3C3EE-2AA7-4F34-A216-9BBE384004D8}"
EndProject
Project("{9A19103F-16F7-4668-BE54-9A1E7A4F7556}") = "Day3", "Day3\Day3.csproj", "{BCE13513-36FE-453D-8825-8F76DB9623F4}"
EndProject
Project("{9A19103F-16F7-4668-BE54-9A1E7A4F7556}") = "Day3Test", "Day3Test\Day3Test.csproj", "{FF494695-F785-446F-9BB4-783364082CE7}"
EndProject
Project("{9A19103F-16F7-4668-BE54-9A1E7A4F7556}") = "Day4", "Day4\Day4.csproj", "{6E0B6CF5-2409-40CA-BD85-397445C144F1}"
EndProject
Project("{9A19103F-16F7-4668-BE54-9A1E7A4F7556}") = "Day4Test", "Day4Test\Day4Test.csproj", "{14B6DBE6-7281-4713-810E-0D170AEFB972}"
EndProject
Project("{9A19103F-16F7-4668-BE54-9A1E7A4F7556}") = "Day5", "Day5\Day5.csproj", "{3E83317E-AF20-4C04-9DEC-1D1B2AD8F370}"
EndProject
Project("{9A19103F-16F7-4668-BE54-9A1E7A4F7556}") = "Day5Test", "Day5Test\Day5Test.csproj", "{F1D1BDFF-3CEE-438B-A628-79AAAC7F0E1E}"
EndProject
Project("{FAE04EC0-301F-11D3-BF4B-00C04F79EFBC}") = "Day6", "Day6\Day6.csproj", "{A7207642-E011-460F-95DE-F26680A3F7ED}"
EndProject
Project("{FAE04EC0-301F-11D3-BF4B-00C04F79EFBC}") = "Day6Test", "Day6Test\Day6Test.csproj", "{1E5D188F-302C-4F18-86E1-7C9A718B29FA}"
EndProject
Global
	GlobalSection(SolutionConfigurationPlatforms) = preSolution
		Debug|Any CPU = Debug|Any CPU
		Release|Any CPU = Release|Any CPU
	EndGlobalSection
	GlobalSection(ProjectConfigurationPlatforms) = postSolution
		{6399EEA0-4214-42DC-81D3-B393B30EB14A}.Debug|Any CPU.ActiveCfg = Debug|Any CPU
		{6399EEA0-4214-42DC-81D3-B393B30EB14A}.Debug|Any CPU.Build.0 = Debug|Any CPU
		{6399EEA0-4214-42DC-81D3-B393B30EB14A}.Release|Any CPU.ActiveCfg = Release|Any CPU
		{6399EEA0-4214-42DC-81D3-B393B30EB14A}.Release|Any CPU.Build.0 = Release|Any CPU
		{F3B118E4-C020-4BB8-B303-615ABB7FA2CE}.Debug|Any CPU.ActiveCfg = Debug|Any CPU
		{F3B118E4-C020-4BB8-B303-615ABB7FA2CE}.Debug|Any CPU.Build.0 = Debug|Any CPU
		{F3B118E4-C020-4BB8-B303-615ABB7FA2CE}.Release|Any CPU.ActiveCfg = Release|Any CPU
		{F3B118E4-C020-4BB8-B303-615ABB7FA2CE}.Release|Any CPU.Build.0 = Release|Any CPU
		{85E3C3EE-2AA7-4F34-A216-9BBE384004D8}.Debug|Any CPU.ActiveCfg = Debug|Any CPU
		{85E3C3EE-2AA7-4F34-A216-9BBE384004D8}.Debug|Any CPU.Build.0 = Debug|Any CPU
		{85E3C3EE-2AA7-4F34-A216-9BBE384004D8}.Release|Any CPU.ActiveCfg = Release|Any CPU
		{85E3C3EE-2AA7-4F34-A216-9BBE384004D8}.Release|Any CPU.Build.0 = Release|Any CPU
		{BCE13513-36FE-453D-8825-8F76DB9623F4}.Debug|Any CPU.ActiveCfg = Debug|Any CPU
		{BCE13513-36FE-453D-8825-8F76DB9623F4}.Debug|Any CPU.Build.0 = Debug|Any CPU
		{BCE13513-36FE-453D-8825-8F76DB9623F4}.Release|Any CPU.ActiveCfg = Release|Any CPU
		{BCE13513-36FE-453D-8825-8F76DB9623F4}.Release|Any CPU.Build.0 = Release|Any CPU
		{FF494695-F785-446F-9BB4-783364082CE7}.Debug|Any CPU.ActiveCfg = Debug|Any CPU
		{FF494695-F785-446F-9BB4-783364082CE7}.Debug|Any CPU.Build.0 = Debug|Any CPU
		{FF494695-F785-446F-9BB4-783364082CE7}.Release|Any CPU.ActiveCfg = Release|Any CPU
		{FF494695-F785-446F-9BB4-783364082CE7}.Release|Any CPU.Build.0 = Release|Any CPU
		{6E0B6CF5-2409-40CA-BD85-397445C144F1}.Debug|Any CPU.ActiveCfg = Debug|Any CPU
		{6E0B6CF5-2409-40CA-BD85-397445C144F1}.Debug|Any CPU.Build.0 = Debug|Any CPU
		{6E0B6CF5-2409-40CA-BD85-397445C144F1}.Release|Any CPU.ActiveCfg = Release|Any CPU
		{6E0B6CF5-2409-40CA-BD85-397445C144F1}.Release|Any CPU.Build.0 = Release|Any CPU
		{14B6DBE6-7281-4713-810E-0D170AEFB972}.Debug|Any CPU.ActiveCfg = Debug|Any CPU
		{14B6DBE6-7281-4713-810E-0D170AEFB972}.Debug|Any CPU.Build.0 = Debug|Any CPU
		{14B6DBE6-7281-4713-810E-0D170AEFB972}.Release|Any CPU.ActiveCfg = Release|Any CPU
		{14B6DBE6-7281-4713-810E-0D170AEFB972}.Release|Any CPU.Build.0 = Release|Any CPU
		{3E83317E-AF20-4C04-9DEC-1D1B2AD8F370}.Debug|Any CPU.ActiveCfg = Debug|Any CPU
		{3E83317E-AF20-4C04-9DEC-1D1B2AD8F370}.Debug|Any CPU.Build.0 = Debug|Any CPU
		{3E83317E-AF20-4C04-9DEC-1D1B2AD8F370}.Release|Any CPU.ActiveCfg = Release|Any CPU
		{3E83317E-AF20-4C04-9DEC-1D1B2AD8F370}.Release|Any CPU.Build.0 = Release|Any CPU
		{F1D1BDFF-3CEE-438B-A628-79AAAC7F0E1E}.Debug|Any CPU.ActiveCfg = Debug|Any CPU
		{F1D1BDFF-3CEE-438B-A628-79AAAC7F0E1E}.Debug|Any CPU.Build.0 = Debug|Any CPU
		{F1D1BDFF-3CEE-438B-A628-79AAAC7F0E1E}.Release|Any CPU.ActiveCfg = Release|Any CPU
		{F1D1BDFF-3CEE-438B-A628-79AAAC7F0E1E}.Release|Any CPU.Build.0 = Release|Any CPU
		{A7207642-E011-460F-95DE-F26680A3F7ED}.Debug|Any CPU.ActiveCfg = Debug|Any CPU
		{A7207642-E011-460F-95DE-F26680A3F7ED}.Debug|Any CPU.Build.0 = Debug|Any CPU
		{A7207642-E011-460F-95DE-F26680A3F7ED}.Release|Any CPU.ActiveCfg = Release|Any CPU
		{A7207642-E011-460F-95DE-F26680A3F7ED}.Release|Any CPU.Build.0 = Release|Any CPU
		{1E5D188F-302C-4F18-86E1-7C9A718B29FA}.Debug|Any CPU.ActiveCfg = Debug|Any CPU
		{1E5D188F-302C-4F18-86E1-7C9A718B29FA}.Debug|Any CPU.Build.0 = Debug|Any CPU
		{1E5D188F-302C-4F18-86E1-7C9A718B29FA}.Release|Any CPU.ActiveCfg = Release|Any CPU
		{1E5D188F-302C-4F18-86E1-7C9A718B29FA}.Release|Any CPU.Build.0 = Release|Any CPU
	EndGlobalSection
	GlobalSection(SolutionProperties) = preSolution
		HideSolutionNode = FALSE
	EndGlobalSection
	GlobalSection(ExtensibilityGlobals) = postSolution
		SolutionGuid = {DE63C679-AD9B-4764-AD85-CDA7F7919D97}
	EndGlobalSection
EndGlobal
