
Microsoft Visual Studio Solution File, Format Version 12.00
# Visual Studio Version 17
VisualStudioVersion = 17.3.32922.545
MinimumVisualStudioVersion = 10.0.40219.1
Project("{9A19103F-16F7-4668-BE54-9A1E7A4F7556}") = "Day1", "Day1\Day1.csproj", "{6399EEA0-4214-42DC-81D3-B393B30EB14A}"
EndProject
Project("{9A19103F-16F7-4668-BE54-9A1E7A4F7556}") = "Day2", "Day2\Day2.csproj", "{F3B118E4-C020-4BB8-B303-615ABB7FA2CE}"
EndProject
Project("{9A19103F-16F7-4668-BE54-9A1E7A4F7556}") = "Day2Test", "Day2Test\Day2Test.csproj", "{85E3C3EE-2AA7-4F34-A216-9BBE384004D8}"
EndProject
Project("{9A19103F-16F7-4668-BE54-9A1E7A4F7556}") = "Day3", "Day3\Day3.csproj", "{BCE13513-36FE-453D-8825-8F76DB9623F4}"
EndProject
Project("{9A19103F-16F7-4668-BE54-9A1E7A4F7556}") = "Day3Test", "Day3Test\Day3Test.csproj", "{FF494695-F785-446F-9BB4-783364082CE7}"
EndProject
Project("{9A19103F-16F7-4668-BE54-9A1E7A4F7556}") = "Day4", "Day4\Day4.csproj", "{6E0B6CF5-2409-40CA-BD85-397445C144F1}"
EndProject
Project("{9A19103F-16F7-4668-BE54-9A1E7A4F7556}") = "Day4Test", "Day4Test\Day4Test.csproj", "{14B6DBE6-7281-4713-810E-0D170AEFB972}"
EndProject
Project("{9A19103F-16F7-4668-BE54-9A1E7A4F7556}") = "Day5", "Day5\Day5.csproj", "{3E83317E-AF20-4C04-9DEC-1D1B2AD8F370}"
EndProject
Project("{9A19103F-16F7-4668-BE54-9A1E7A4F7556}") = "Day5Test", "Day5Test\Day5Test.csproj", "{F1D1BDFF-3CEE-438B-A628-79AAAC7F0E1E}"
EndProject
Project("{9A19103F-16F7-4668-BE54-9A1E7A4F7556}") = "Day6", "Day6\Day6.csproj", "{A7207642-E011-460F-95DE-F26680A3F7ED}"
EndProject
Project("{9A19103F-16F7-4668-BE54-9A1E7A4F7556}") = "Day6Test", "Day6Test\Day6Test.csproj", "{1E5D188F-302C-4F18-86E1-7C9A718B29FA}"
EndProject
Project("{9A19103F-16F7-4668-BE54-9A1E7A4F7556}") = "Day7", "Day7\Day7.csproj", "{261E40E3-0616-423A-8479-9BFCBA5F1DFF}"
EndProject
Project("{9A19103F-16F7-4668-BE54-9A1E7A4F7556}") = "Day7Test", "Day7Test\Day7Test.csproj", "{A3301BE8-EF0B-43EF-80EF-310A4F400CD6}"
EndProject
Project("{9A19103F-16F7-4668-BE54-9A1E7A4F7556}") = "Day8", "Day8\Day8.csproj", "{97ED6DDD-85D8-4F84-B9D8-105B831EEAF9}"
EndProject
Project("{9A19103F-16F7-4668-BE54-9A1E7A4F7556}") = "Day8Test", "Day8Test\Day8Test.csproj", "{E10910E9-F4CA-49E2-9FC7-79E916A276A0}"
EndProject
Project("{9A19103F-16F7-4668-BE54-9A1E7A4F7556}") = "Day9", "Day9\Day9.csproj", "{ED24A09E-193E-4994-B605-4BDAC5873624}"
EndProject
Project("{9A19103F-16F7-4668-BE54-9A1E7A4F7556}") = "Day9Test", "Day9Test\Day9Test.csproj", "{1244FEF1-417C-4240-9741-C92DA97D9189}"
EndProject
Project("{9A19103F-16F7-4668-BE54-9A1E7A4F7556}") = "Day10", "Day10\Day10.csproj", "{2A1BB16B-F817-46A7-9CBD-ED2E9766FD85}"
EndProject
Project("{9A19103F-16F7-4668-BE54-9A1E7A4F7556}") = "Day10Test", "Day10Test\Day10Test.csproj", "{8E371596-D211-4A8E-A37D-3E4C71B1A9D9}"
EndProject
Project("{9A19103F-16F7-4668-BE54-9A1E7A4F7556}") = "Day11", "Day11\Day11.csproj", "{063A1AE0-9074-4A5D-8751-36D76900CFD2}"
EndProject
Project("{9A19103F-16F7-4668-BE54-9A1E7A4F7556}") = "Day11Test", "Day11Test\Day11Test.csproj", "{1C540EF4-0ABC-4149-BCB4-3AACA4C3923B}"
EndProject
Project("{9A19103F-16F7-4668-BE54-9A1E7A4F7556}") = "Day12", "Day12\Day12.csproj", "{7AB80A31-94E0-4F60-8944-68606A9B4AEF}"
EndProject
Project("{9A19103F-16F7-4668-BE54-9A1E7A4F7556}") = "Day12Test", "Day12Test\Day12Test.csproj", "{D6CA0184-C3B3-4AD2-9F19-49717C9B09AC}"
EndProject
Project("{FAE04EC0-301F-11D3-BF4B-00C04F79EFBC}") = "Day13", "Day13\Day13.csproj", "{C8B49353-14A9-404F-81BA-D0CC807FDF8C}"
EndProject
Project("{FAE04EC0-301F-11D3-BF4B-00C04F79EFBC}") = "Day13Test", "Day13Test\Day13Test.csproj", "{272857BA-AADF-496F-A691-B12173306717}"
EndProject
Project("{FAE04EC0-301F-11D3-BF4B-00C04F79EFBC}") = "Day14", "Day14\Day14.csproj", "{ACF8D05C-D81D-41C1-A572-A1A90880BF1F}"
EndProject
Project("{FAE04EC0-301F-11D3-BF4B-00C04F79EFBC}") = "Day14Test", "Day14Test\Day14Test.csproj", "{9BD5A42E-DA17-41A6-8524-782058994C3C}"
EndProject
Project("{FAE04EC0-301F-11D3-BF4B-00C04F79EFBC}") = "Day15", "Day15\Day15.csproj", "{E4BFA23E-5B50-4FDA-82EE-96F702D9BA42}"
EndProject
Project("{FAE04EC0-301F-11D3-BF4B-00C04F79EFBC}") = "Day15Test", "Day15Test\Day15Test.csproj", "{53ADBBAF-4D5B-4425-8E83-53DFB8BB6571}"
EndProject
Global
	GlobalSection(SolutionConfigurationPlatforms) = preSolution
		Debug|Any CPU = Debug|Any CPU
		Release|Any CPU = Release|Any CPU
	EndGlobalSection
	GlobalSection(ProjectConfigurationPlatforms) = postSolution
		{6399EEA0-4214-42DC-81D3-B393B30EB14A}.Debug|Any CPU.ActiveCfg = Debug|Any CPU
		{6399EEA0-4214-42DC-81D3-B393B30EB14A}.Debug|Any CPU.Build.0 = Debug|Any CPU
		{6399EEA0-4214-42DC-81D3-B393B30EB14A}.Release|Any CPU.ActiveCfg = Release|Any CPU
		{6399EEA0-4214-42DC-81D3-B393B30EB14A}.Release|Any CPU.Build.0 = Release|Any CPU
		{F3B118E4-C020-4BB8-B303-615ABB7FA2CE}.Debug|Any CPU.ActiveCfg = Debug|Any CPU
		{F3B118E4-C020-4BB8-B303-615ABB7FA2CE}.Debug|Any CPU.Build.0 = Debug|Any CPU
		{F3B118E4-C020-4BB8-B303-615ABB7FA2CE}.Release|Any CPU.ActiveCfg = Release|Any CPU
		{F3B118E4-C020-4BB8-B303-615ABB7FA2CE}.Release|Any CPU.Build.0 = Release|Any CPU
		{85E3C3EE-2AA7-4F34-A216-9BBE384004D8}.Debug|Any CPU.ActiveCfg = Debug|Any CPU
		{85E3C3EE-2AA7-4F34-A216-9BBE384004D8}.Debug|Any CPU.Build.0 = Debug|Any CPU
		{85E3C3EE-2AA7-4F34-A216-9BBE384004D8}.Release|Any CPU.ActiveCfg = Release|Any CPU
		{85E3C3EE-2AA7-4F34-A216-9BBE384004D8}.Release|Any CPU.Build.0 = Release|Any CPU
		{BCE13513-36FE-453D-8825-8F76DB9623F4}.Debug|Any CPU.ActiveCfg = Debug|Any CPU
		{BCE13513-36FE-453D-8825-8F76DB9623F4}.Debug|Any CPU.Build.0 = Debug|Any CPU
		{BCE13513-36FE-453D-8825-8F76DB9623F4}.Release|Any CPU.ActiveCfg = Release|Any CPU
		{BCE13513-36FE-453D-8825-8F76DB9623F4}.Release|Any CPU.Build.0 = Release|Any CPU
		{FF494695-F785-446F-9BB4-783364082CE7}.Debug|Any CPU.ActiveCfg = Debug|Any CPU
		{FF494695-F785-446F-9BB4-783364082CE7}.Debug|Any CPU.Build.0 = Debug|Any CPU
		{FF494695-F785-446F-9BB4-783364082CE7}.Release|Any CPU.ActiveCfg = Release|Any CPU
		{FF494695-F785-446F-9BB4-783364082CE7}.Release|Any CPU.Build.0 = Release|Any CPU
		{6E0B6CF5-2409-40CA-BD85-397445C144F1}.Debug|Any CPU.ActiveCfg = Debug|Any CPU
		{6E0B6CF5-2409-40CA-BD85-397445C144F1}.Debug|Any CPU.Build.0 = Debug|Any CPU
		{6E0B6CF5-2409-40CA-BD85-397445C144F1}.Release|Any CPU.ActiveCfg = Release|Any CPU
		{6E0B6CF5-2409-40CA-BD85-397445C144F1}.Release|Any CPU.Build.0 = Release|Any CPU
		{14B6DBE6-7281-4713-810E-0D170AEFB972}.Debug|Any CPU.ActiveCfg = Debug|Any CPU
		{14B6DBE6-7281-4713-810E-0D170AEFB972}.Debug|Any CPU.Build.0 = Debug|Any CPU
		{14B6DBE6-7281-4713-810E-0D170AEFB972}.Release|Any CPU.ActiveCfg = Release|Any CPU
		{14B6DBE6-7281-4713-810E-0D170AEFB972}.Release|Any CPU.Build.0 = Release|Any CPU
		{3E83317E-AF20-4C04-9DEC-1D1B2AD8F370}.Debug|Any CPU.ActiveCfg = Debug|Any CPU
		{3E83317E-AF20-4C04-9DEC-1D1B2AD8F370}.Debug|Any CPU.Build.0 = Debug|Any CPU
		{3E83317E-AF20-4C04-9DEC-1D1B2AD8F370}.Release|Any CPU.ActiveCfg = Release|Any CPU
		{3E83317E-AF20-4C04-9DEC-1D1B2AD8F370}.Release|Any CPU.Build.0 = Release|Any CPU
		{F1D1BDFF-3CEE-438B-A628-79AAAC7F0E1E}.Debug|Any CPU.ActiveCfg = Debug|Any CPU
		{F1D1BDFF-3CEE-438B-A628-79AAAC7F0E1E}.Debug|Any CPU.Build.0 = Debug|Any CPU
		{F1D1BDFF-3CEE-438B-A628-79AAAC7F0E1E}.Release|Any CPU.ActiveCfg = Release|Any CPU
		{F1D1BDFF-3CEE-438B-A628-79AAAC7F0E1E}.Release|Any CPU.Build.0 = Release|Any CPU
		{A7207642-E011-460F-95DE-F26680A3F7ED}.Debug|Any CPU.ActiveCfg = Debug|Any CPU
		{A7207642-E011-460F-95DE-F26680A3F7ED}.Debug|Any CPU.Build.0 = Debug|Any CPU
		{A7207642-E011-460F-95DE-F26680A3F7ED}.Release|Any CPU.ActiveCfg = Release|Any CPU
		{A7207642-E011-460F-95DE-F26680A3F7ED}.Release|Any CPU.Build.0 = Release|Any CPU
		{1E5D188F-302C-4F18-86E1-7C9A718B29FA}.Debug|Any CPU.ActiveCfg = Debug|Any CPU
		{1E5D188F-302C-4F18-86E1-7C9A718B29FA}.Debug|Any CPU.Build.0 = Debug|Any CPU
		{1E5D188F-302C-4F18-86E1-7C9A718B29FA}.Release|Any CPU.ActiveCfg = Release|Any CPU
		{1E5D188F-302C-4F18-86E1-7C9A718B29FA}.Release|Any CPU.Build.0 = Release|Any CPU
		{261E40E3-0616-423A-8479-9BFCBA5F1DFF}.Debug|Any CPU.ActiveCfg = Debug|Any CPU
		{261E40E3-0616-423A-8479-9BFCBA5F1DFF}.Debug|Any CPU.Build.0 = Debug|Any CPU
		{261E40E3-0616-423A-8479-9BFCBA5F1DFF}.Release|Any CPU.ActiveCfg = Release|Any CPU
		{261E40E3-0616-423A-8479-9BFCBA5F1DFF}.Release|Any CPU.Build.0 = Release|Any CPU
		{A3301BE8-EF0B-43EF-80EF-310A4F400CD6}.Debug|Any CPU.ActiveCfg = Debug|Any CPU
		{A3301BE8-EF0B-43EF-80EF-310A4F400CD6}.Debug|Any CPU.Build.0 = Debug|Any CPU
		{A3301BE8-EF0B-43EF-80EF-310A4F400CD6}.Release|Any CPU.ActiveCfg = Release|Any CPU
		{A3301BE8-EF0B-43EF-80EF-310A4F400CD6}.Release|Any CPU.Build.0 = Release|Any CPU
		{97ED6DDD-85D8-4F84-B9D8-105B831EEAF9}.Debug|Any CPU.ActiveCfg = Debug|Any CPU
		{97ED6DDD-85D8-4F84-B9D8-105B831EEAF9}.Debug|Any CPU.Build.0 = Debug|Any CPU
		{97ED6DDD-85D8-4F84-B9D8-105B831EEAF9}.Release|Any CPU.ActiveCfg = Release|Any CPU
		{97ED6DDD-85D8-4F84-B9D8-105B831EEAF9}.Release|Any CPU.Build.0 = Release|Any CPU
		{E10910E9-F4CA-49E2-9FC7-79E916A276A0}.Debug|Any CPU.ActiveCfg = Debug|Any CPU
		{E10910E9-F4CA-49E2-9FC7-79E916A276A0}.Debug|Any CPU.Build.0 = Debug|Any CPU
		{E10910E9-F4CA-49E2-9FC7-79E916A276A0}.Release|Any CPU.ActiveCfg = Release|Any CPU
		{E10910E9-F4CA-49E2-9FC7-79E916A276A0}.Release|Any CPU.Build.0 = Release|Any CPU
		{ED24A09E-193E-4994-B605-4BDAC5873624}.Debug|Any CPU.ActiveCfg = Debug|Any CPU
		{ED24A09E-193E-4994-B605-4BDAC5873624}.Debug|Any CPU.Build.0 = Debug|Any CPU
		{ED24A09E-193E-4994-B605-4BDAC5873624}.Release|Any CPU.ActiveCfg = Release|Any CPU
		{ED24A09E-193E-4994-B605-4BDAC5873624}.Release|Any CPU.Build.0 = Release|Any CPU
		{1244FEF1-417C-4240-9741-C92DA97D9189}.Debug|Any CPU.ActiveCfg = Debug|Any CPU
		{1244FEF1-417C-4240-9741-C92DA97D9189}.Debug|Any CPU.Build.0 = Debug|Any CPU
		{1244FEF1-417C-4240-9741-C92DA97D9189}.Release|Any CPU.ActiveCfg = Release|Any CPU
		{1244FEF1-417C-4240-9741-C92DA97D9189}.Release|Any CPU.Build.0 = Release|Any CPU
		{2A1BB16B-F817-46A7-9CBD-ED2E9766FD85}.Debug|Any CPU.ActiveCfg = Debug|Any CPU
		{2A1BB16B-F817-46A7-9CBD-ED2E9766FD85}.Debug|Any CPU.Build.0 = Debug|Any CPU
		{2A1BB16B-F817-46A7-9CBD-ED2E9766FD85}.Release|Any CPU.ActiveCfg = Release|Any CPU
		{2A1BB16B-F817-46A7-9CBD-ED2E9766FD85}.Release|Any CPU.Build.0 = Release|Any CPU
		{8E371596-D211-4A8E-A37D-3E4C71B1A9D9}.Debug|Any CPU.ActiveCfg = Debug|Any CPU
		{8E371596-D211-4A8E-A37D-3E4C71B1A9D9}.Debug|Any CPU.Build.0 = Debug|Any CPU
		{8E371596-D211-4A8E-A37D-3E4C71B1A9D9}.Release|Any CPU.ActiveCfg = Release|Any CPU
		{8E371596-D211-4A8E-A37D-3E4C71B1A9D9}.Release|Any CPU.Build.0 = Release|Any CPU
		{063A1AE0-9074-4A5D-8751-36D76900CFD2}.Debug|Any CPU.ActiveCfg = Debug|Any CPU
		{063A1AE0-9074-4A5D-8751-36D76900CFD2}.Debug|Any CPU.Build.0 = Debug|Any CPU
		{063A1AE0-9074-4A5D-8751-36D76900CFD2}.Release|Any CPU.ActiveCfg = Release|Any CPU
		{063A1AE0-9074-4A5D-8751-36D76900CFD2}.Release|Any CPU.Build.0 = Release|Any CPU
		{1C540EF4-0ABC-4149-BCB4-3AACA4C3923B}.Debug|Any CPU.ActiveCfg = Debug|Any CPU
		{1C540EF4-0ABC-4149-BCB4-3AACA4C3923B}.Debug|Any CPU.Build.0 = Debug|Any CPU
		{1C540EF4-0ABC-4149-BCB4-3AACA4C3923B}.Release|Any CPU.ActiveCfg = Release|Any CPU
		{1C540EF4-0ABC-4149-BCB4-3AACA4C3923B}.Release|Any CPU.Build.0 = Release|Any CPU
		{7AB80A31-94E0-4F60-8944-68606A9B4AEF}.Debug|Any CPU.ActiveCfg = Debug|Any CPU
		{7AB80A31-94E0-4F60-8944-68606A9B4AEF}.Debug|Any CPU.Build.0 = Debug|Any CPU
		{7AB80A31-94E0-4F60-8944-68606A9B4AEF}.Release|Any CPU.ActiveCfg = Release|Any CPU
		{7AB80A31-94E0-4F60-8944-68606A9B4AEF}.Release|Any CPU.Build.0 = Release|Any CPU
		{D6CA0184-C3B3-4AD2-9F19-49717C9B09AC}.Debug|Any CPU.ActiveCfg = Debug|Any CPU
		{D6CA0184-C3B3-4AD2-9F19-49717C9B09AC}.Debug|Any CPU.Build.0 = Debug|Any CPU
		{D6CA0184-C3B3-4AD2-9F19-49717C9B09AC}.Release|Any CPU.ActiveCfg = Release|Any CPU
		{D6CA0184-C3B3-4AD2-9F19-49717C9B09AC}.Release|Any CPU.Build.0 = Release|Any CPU
		{C8B49353-14A9-404F-81BA-D0CC807FDF8C}.Debug|Any CPU.ActiveCfg = Debug|Any CPU
		{C8B49353-14A9-404F-81BA-D0CC807FDF8C}.Debug|Any CPU.Build.0 = Debug|Any CPU
		{C8B49353-14A9-404F-81BA-D0CC807FDF8C}.Release|Any CPU.ActiveCfg = Release|Any CPU
		{C8B49353-14A9-404F-81BA-D0CC807FDF8C}.Release|Any CPU.Build.0 = Release|Any CPU
		{272857BA-AADF-496F-A691-B12173306717}.Debug|Any CPU.ActiveCfg = Debug|Any CPU
		{272857BA-AADF-496F-A691-B12173306717}.Debug|Any CPU.Build.0 = Debug|Any CPU
		{272857BA-AADF-496F-A691-B12173306717}.Release|Any CPU.ActiveCfg = Release|Any CPU
		{272857BA-AADF-496F-A691-B12173306717}.Release|Any CPU.Build.0 = Release|Any CPU
		{ACF8D05C-D81D-41C1-A572-A1A90880BF1F}.Debug|Any CPU.ActiveCfg = Debug|Any CPU
		{ACF8D05C-D81D-41C1-A572-A1A90880BF1F}.Debug|Any CPU.Build.0 = Debug|Any CPU
		{ACF8D05C-D81D-41C1-A572-A1A90880BF1F}.Release|Any CPU.ActiveCfg = Release|Any CPU
		{ACF8D05C-D81D-41C1-A572-A1A90880BF1F}.Release|Any CPU.Build.0 = Release|Any CPU
		{9BD5A42E-DA17-41A6-8524-782058994C3C}.Debug|Any CPU.ActiveCfg = Debug|Any CPU
		{9BD5A42E-DA17-41A6-8524-782058994C3C}.Debug|Any CPU.Build.0 = Debug|Any CPU
		{9BD5A42E-DA17-41A6-8524-782058994C3C}.Release|Any CPU.ActiveCfg = Release|Any CPU
		{9BD5A42E-DA17-41A6-8524-782058994C3C}.Release|Any CPU.Build.0 = Release|Any CPU
		{E4BFA23E-5B50-4FDA-82EE-96F702D9BA42}.Debug|Any CPU.ActiveCfg = Debug|Any CPU
		{E4BFA23E-5B50-4FDA-82EE-96F702D9BA42}.Debug|Any CPU.Build.0 = Debug|Any CPU
		{E4BFA23E-5B50-4FDA-82EE-96F702D9BA42}.Release|Any CPU.ActiveCfg = Release|Any CPU
		{E4BFA23E-5B50-4FDA-82EE-96F702D9BA42}.Release|Any CPU.Build.0 = Release|Any CPU
		{53ADBBAF-4D5B-4425-8E83-53DFB8BB6571}.Debug|Any CPU.ActiveCfg = Debug|Any CPU
		{53ADBBAF-4D5B-4425-8E83-53DFB8BB6571}.Debug|Any CPU.Build.0 = Debug|Any CPU
		{53ADBBAF-4D5B-4425-8E83-53DFB8BB6571}.Release|Any CPU.ActiveCfg = Release|Any CPU
		{53ADBBAF-4D5B-4425-8E83-53DFB8BB6571}.Release|Any CPU.Build.0 = Release|Any CPU
	EndGlobalSection
	GlobalSection(SolutionProperties) = preSolution
		HideSolutionNode = FALSE
	EndGlobalSection
	GlobalSection(ExtensibilityGlobals) = postSolution
		SolutionGuid = {DE63C679-AD9B-4764-AD85-CDA7F7919D97}
	EndGlobalSection
EndGlobal
